// !$*UTF8*$!
{
	archiveVersion = 1;
	classes = {
	};
	objectVersion = 56;
	objects = {

/* Begin PBXBuildFile section */
		096188D02C603F1600A0E5EA /* shack2024App.swift in Sources */ = {isa = PBXBuildFile; fileRef = 096188CF2C603F1600A0E5EA /* shack2024App.swift */; };
		096188D22C603F1600A0E5EA /* ContentView.swift in Sources */ = {isa = PBXBuildFile; fileRef = 096188D12C603F1600A0E5EA /* ContentView.swift */; };
		096188D42C603F1700A0E5EA /* Assets.xcassets in Resources */ = {isa = PBXBuildFile; fileRef = 096188D32C603F1700A0E5EA /* Assets.xcassets */; };
		096188D72C603F1700A0E5EA /* Preview Assets.xcassets in Resources */ = {isa = PBXBuildFile; fileRef = 096188D62C603F1700A0E5EA /* Preview Assets.xcassets */; };
		096188E42C6041A100A0E5EA /* shack2024watchApp.swift in Sources */ = {isa = PBXBuildFile; fileRef = 096188E32C6041A100A0E5EA /* shack2024watchApp.swift */; };
		096188E62C6041A100A0E5EA /* ContentView.swift in Sources */ = {isa = PBXBuildFile; fileRef = 096188E52C6041A100A0E5EA /* ContentView.swift */; };
		096188E82C6041A200A0E5EA /* Assets.xcassets in Resources */ = {isa = PBXBuildFile; fileRef = 096188E72C6041A200A0E5EA /* Assets.xcassets */; };
		096188EB2C6041A200A0E5EA /* Preview Assets.xcassets in Resources */ = {isa = PBXBuildFile; fileRef = 096188EA2C6041A200A0E5EA /* Preview Assets.xcassets */; };
		096188EE2C6041A200A0E5EA /* shack2024watch Watch App.app in Embed Watch Content */ = {isa = PBXBuildFile; fileRef = 096188E12C6041A100A0E5EA /* shack2024watch Watch App.app */; settings = {ATTRIBUTES = (RemoveHeadersOnCopy, ); }; };
/* End PBXBuildFile section */

/* Begin PBXContainerItemProxy section */
		096188EC2C6041A200A0E5EA /* PBXContainerItemProxy */ = {
			isa = PBXContainerItemProxy;
			containerPortal = 096188C42C603F1600A0E5EA /* Project object */;
			proxyType = 1;
			remoteGlobalIDString = 096188E02C6041A100A0E5EA;
			remoteInfo = "shack2024watch Watch App";
		};
/* End PBXContainerItemProxy section */

/* Begin PBXCopyFilesBuildPhase section */
		096188F22C6041A200A0E5EA /* Embed Watch Content */ = {
			isa = PBXCopyFilesBuildPhase;
			buildActionMask = 2147483647;
			dstPath = "$(CONTENTS_FOLDER_PATH)/Watch";
			dstSubfolderSpec = 16;
			files = (
				096188EE2C6041A200A0E5EA /* shack2024watch Watch App.app in Embed Watch Content */,
			);
			name = "Embed Watch Content";
			runOnlyForDeploymentPostprocessing = 0;
		};
/* End PBXCopyFilesBuildPhase section */

/* Begin PBXFileReference section */
		096188CC2C603F1600A0E5EA /* shack2024.app */ = {isa = PBXFileReference; explicitFileType = wrapper.application; includeInIndex = 0; path = shack2024.app; sourceTree = BUILT_PRODUCTS_DIR; };
		096188CF2C603F1600A0E5EA /* shack2024App.swift */ = {isa = PBXFileReference; lastKnownFileType = sourcecode.swift; path = shack2024App.swift; sourceTree = "<group>"; };
		096188D12C603F1600A0E5EA /* ContentView.swift */ = {isa = PBXFileReference; lastKnownFileType = sourcecode.swift; path = ContentView.swift; sourceTree = "<group>"; };
		096188D32C603F1700A0E5EA /* Assets.xcassets */ = {isa = PBXFileReference; lastKnownFileType = folder.assetcatalog; path = Assets.xcassets; sourceTree = "<group>"; };
		096188D62C603F1700A0E5EA /* Preview Assets.xcassets */ = {isa = PBXFileReference; lastKnownFileType = folder.assetcatalog; path = "Preview Assets.xcassets"; sourceTree = "<group>"; };
		096188E12C6041A100A0E5EA /* shack2024watch Watch App.app */ = {isa = PBXFileReference; explicitFileType = wrapper.application; includeInIndex = 0; path = "shack2024watch Watch App.app"; sourceTree = BUILT_PRODUCTS_DIR; };
		096188E32C6041A100A0E5EA /* shack2024watchApp.swift */ = {isa = PBXFileReference; lastKnownFileType = sourcecode.swift; path = shack2024watchApp.swift; sourceTree = "<group>"; };
		096188E52C6041A100A0E5EA /* ContentView.swift */ = {isa = PBXFileReference; lastKnownFileType = sourcecode.swift; path = ContentView.swift; sourceTree = "<group>"; };
		096188E72C6041A200A0E5EA /* Assets.xcassets */ = {isa = PBXFileReference; lastKnownFileType = folder.assetcatalog; path = Assets.xcassets; sourceTree = "<group>"; };
		096188EA2C6041A200A0E5EA /* Preview Assets.xcassets */ = {isa = PBXFileReference; lastKnownFileType = folder.assetcatalog; path = "Preview Assets.xcassets"; sourceTree = "<group>"; };
/* End PBXFileReference section */

/* Begin PBXFrameworksBuildPhase section */
		096188C92C603F1600A0E5EA /* Frameworks */ = {
			isa = PBXFrameworksBuildPhase;
			buildActionMask = 2147483647;
			files = (
			);
			runOnlyForDeploymentPostprocessing = 0;
		};
		096188DE2C6041A100A0E5EA /* Frameworks */ = {
			isa = PBXFrameworksBuildPhase;
			buildActionMask = 2147483647;
			files = (
			);
			runOnlyForDeploymentPostprocessing = 0;
		};
/* End PBXFrameworksBuildPhase section */

/* Begin PBXGroup section */
		096188C32C603F1600A0E5EA = {
			isa = PBXGroup;
			children = (
				096188CE2C603F1600A0E5EA /* shack2024 */,
				096188E22C6041A100A0E5EA /* shack2024watch Watch App */,
				096188CD2C603F1600A0E5EA /* Products */,
			);
			sourceTree = "<group>";
		};
		096188CD2C603F1600A0E5EA /* Products */ = {
			isa = PBXGroup;
			children = (
				096188CC2C603F1600A0E5EA /* shack2024.app */,
				096188E12C6041A100A0E5EA /* shack2024watch Watch App.app */,
			);
			name = Products;
			sourceTree = "<group>";
		};
		096188CE2C603F1600A0E5EA /* shack2024 */ = {
			isa = PBXGroup;
			children = (
				096188CF2C603F1600A0E5EA /* shack2024App.swift */,
				096188D12C603F1600A0E5EA /* ContentView.swift */,
				096188D32C603F1700A0E5EA /* Assets.xcassets */,
				096188D52C603F1700A0E5EA /* Preview Content */,
			);
			path = shack2024;
			sourceTree = "<group>";
		};
		096188D52C603F1700A0E5EA /* Preview Content */ = {
			isa = PBXGroup;
			children = (
				096188D62C603F1700A0E5EA /* Preview Assets.xcassets */,
			);
			path = "Preview Content";
			sourceTree = "<group>";
		};
		096188E22C6041A100A0E5EA /* shack2024watch Watch App */ = {
			isa = PBXGroup;
			children = (
				096188E32C6041A100A0E5EA /* shack2024watchApp.swift */,
				096188E52C6041A100A0E5EA /* ContentView.swift */,
				096188E72C6041A200A0E5EA /* Assets.xcassets */,
				096188E92C6041A200A0E5EA /* Preview Content */,
			);
			path = "shack2024watch Watch App";
			sourceTree = "<group>";
		};
		096188E92C6041A200A0E5EA /* Preview Content */ = {
			isa = PBXGroup;
			children = (
				096188EA2C6041A200A0E5EA /* Preview Assets.xcassets */,
			);
			path = "Preview Content";
			sourceTree = "<group>";
		};
/* End PBXGroup section */

/* Begin PBXNativeTarget section */
		096188CB2C603F1600A0E5EA /* shack2024 */ = {
			isa = PBXNativeTarget;
			buildConfigurationList = 096188DA2C603F1700A0E5EA /* Build configuration list for PBXNativeTarget "shack2024" */;
			buildPhases = (
				096188C82C603F1600A0E5EA /* Sources */,
				096188C92C603F1600A0E5EA /* Frameworks */,
				096188CA2C603F1600A0E5EA /* Resources */,
				096188F22C6041A200A0E5EA /* Embed Watch Content */,
			);
			buildRules = (
			);
			dependencies = (
				096188ED2C6041A200A0E5EA /* PBXTargetDependency */,
			);
			name = shack2024;
			productName = shack2024;
			productReference = 096188CC2C603F1600A0E5EA /* shack2024.app */;
			productType = "com.apple.product-type.application";
		};
		096188E02C6041A100A0E5EA /* shack2024watch Watch App */ = {
			isa = PBXNativeTarget;
			buildConfigurationList = 096188EF2C6041A200A0E5EA /* Build configuration list for PBXNativeTarget "shack2024watch Watch App" */;
			buildPhases = (
				096188DD2C6041A100A0E5EA /* Sources */,
				096188DE2C6041A100A0E5EA /* Frameworks */,
				096188DF2C6041A100A0E5EA /* Resources */,
			);
			buildRules = (
			);
			dependencies = (
			);
			name = "shack2024watch Watch App";
			productName = "shack2024watch Watch App";
			productReference = 096188E12C6041A100A0E5EA /* shack2024watch Watch App.app */;
			productType = "com.apple.product-type.application";
		};
/* End PBXNativeTarget section */

/* Begin PBXProject section */
		096188C42C603F1600A0E5EA /* Project object */ = {
			isa = PBXProject;
			attributes = {
				BuildIndependentTargetsInParallel = 1;
				LastSwiftUpdateCheck = 1540;
				LastUpgradeCheck = 1540;
				TargetAttributes = {
					096188CB2C603F1600A0E5EA = {
						CreatedOnToolsVersion = 15.4;
					};
					096188E02C6041A100A0E5EA = {
						CreatedOnToolsVersion = 15.4;
					};
				};
			};
			buildConfigurationList = 096188C72C603F1600A0E5EA /* Build configuration list for PBXProject "shack2024" */;
			compatibilityVersion = "Xcode 14.0";
			developmentRegion = en;
			hasScannedForEncodings = 0;
			knownRegions = (
				en,
				Base,
			);
			mainGroup = 096188C32C603F1600A0E5EA;
			productRefGroup = 096188CD2C603F1600A0E5EA /* Products */;
			projectDirPath = "";
			projectRoot = "";
			targets = (
				096188CB2C603F1600A0E5EA /* shack2024 */,
				096188E02C6041A100A0E5EA /* shack2024watch Watch App */,
			);
		};
/* End PBXProject section */

/* Begin PBXResourcesBuildPhase section */
		096188CA2C603F1600A0E5EA /* Resources */ = {
			isa = PBXResourcesBuildPhase;
			buildActionMask = 2147483647;
			files = (
				096188D72C603F1700A0E5EA /* Preview Assets.xcassets in Resources */,
				096188D42C603F1700A0E5EA /* Assets.xcassets in Resources */,
			);
			runOnlyForDeploymentPostprocessing = 0;
		};
		096188DF2C6041A100A0E5EA /* Resources */ = {
			isa = PBXResourcesBuildPhase;
			buildActionMask = 2147483647;
			files = (
				096188EB2C6041A200A0E5EA /* Preview Assets.xcassets in Resources */,
				096188E82C6041A200A0E5EA /* Assets.xcassets in Resources */,
			);
			runOnlyForDeploymentPostprocessing = 0;
		};
/* End PBXResourcesBuildPhase section */

/* Begin PBXSourcesBuildPhase section */
		096188C82C603F1600A0E5EA /* Sources */ = {
			isa = PBXSourcesBuildPhase;
			buildActionMask = 2147483647;
			files = (
				096188D22C603F1600A0E5EA /* ContentView.swift in Sources */,
				096188D02C603F1600A0E5EA /* shack2024App.swift in Sources */,
			);
			runOnlyForDeploymentPostprocessing = 0;
		};
		096188DD2C6041A100A0E5EA /* Sources */ = {
			isa = PBXSourcesBuildPhase;
			buildActionMask = 2147483647;
			files = (
				096188E62C6041A100A0E5EA /* ContentView.swift in Sources */,
				096188E42C6041A100A0E5EA /* shack2024watchApp.swift in Sources */,
			);
			runOnlyForDeploymentPostprocessing = 0;
		};
/* End PBXSourcesBuildPhase section */

/* Begin PBXTargetDependency section */
		096188ED2C6041A200A0E5EA /* PBXTargetDependency */ = {
			isa = PBXTargetDependency;
			target = 096188E02C6041A100A0E5EA /* shack2024watch Watch App */;
			targetProxy = 096188EC2C6041A200A0E5EA /* PBXContainerItemProxy */;
		};
/* End PBXTargetDependency section */

/* Begin XCBuildConfiguration section */
		096188D82C603F1700A0E5EA /* Debug */ = {
			isa = XCBuildConfiguration;
			buildSettings = {
				ALWAYS_SEARCH_USER_PATHS = NO;
				ASSETCATALOG_COMPILER_GENERATE_SWIFT_ASSET_SYMBOL_EXTENSIONS = YES;
				CLANG_ANALYZER_NONNULL = YES;
				CLANG_ANALYZER_NUMBER_OBJECT_CONVERSION = YES_AGGRESSIVE;
				CLANG_CXX_LANGUAGE_STANDARD = "gnu++20";
				CLANG_ENABLE_MODULES = YES;
				CLANG_ENABLE_OBJC_ARC = YES;
				CLANG_ENABLE_OBJC_WEAK = YES;
				CLANG_WARN_BLOCK_CAPTURE_AUTORELEASING = YES;
				CLANG_WARN_BOOL_CONVERSION = YES;
				CLANG_WARN_COMMA = YES;
				CLANG_WARN_CONSTANT_CONVERSION = YES;
				CLANG_WARN_DEPRECATED_OBJC_IMPLEMENTATIONS = YES;
				CLANG_WARN_DIRECT_OBJC_ISA_USAGE = YES_ERROR;
				CLANG_WARN_DOCUMENTATION_COMMENTS = YES;
				CLANG_WARN_EMPTY_BODY = YES;
				CLANG_WARN_ENUM_CONVERSION = YES;
				CLANG_WARN_INFINITE_RECURSION = YES;
				CLANG_WARN_INT_CONVERSION = YES;
				CLANG_WARN_NON_LITERAL_NULL_CONVERSION = YES;
				CLANG_WARN_OBJC_IMPLICIT_RETAIN_SELF = YES;
				CLANG_WARN_OBJC_LITERAL_CONVERSION = YES;
				CLANG_WARN_OBJC_ROOT_CLASS = YES_ERROR;
				CLANG_WARN_QUOTED_INCLUDE_IN_FRAMEWORK_HEADER = YES;
				CLANG_WARN_RANGE_LOOP_ANALYSIS = YES;
				CLANG_WARN_STRICT_PROTOTYPES = YES;
				CLANG_WARN_SUSPICIOUS_MOVE = YES;
				CLANG_WARN_UNGUARDED_AVAILABILITY = YES_AGGRESSIVE;
				CLANG_WARN_UNREACHABLE_CODE = YES;
				CLANG_WARN__DUPLICATE_METHOD_MATCH = YES;
				COPY_PHASE_STRIP = NO;
				DEBUG_INFORMATION_FORMAT = dwarf;
				ENABLE_STRICT_OBJC_MSGSEND = YES;
				ENABLE_TESTABILITY = YES;
				ENABLE_USER_SCRIPT_SANDBOXING = YES;
				GCC_C_LANGUAGE_STANDARD = gnu17;
				GCC_DYNAMIC_NO_PIC = NO;
				GCC_NO_COMMON_BLOCKS = YES;
				GCC_OPTIMIZATION_LEVEL = 0;
				GCC_PREPROCESSOR_DEFINITIONS = (
					"DEBUG=1",
					"$(inherited)",
				);
				GCC_WARN_64_TO_32_BIT_CONVERSION = YES;
				GCC_WARN_ABOUT_RETURN_TYPE = YES_ERROR;
				GCC_WARN_UNDECLARED_SELECTOR = YES;
				GCC_WARN_UNINITIALIZED_AUTOS = YES_AGGRESSIVE;
				GCC_WARN_UNUSED_FUNCTION = YES;
				GCC_WARN_UNUSED_VARIABLE = YES;
				IPHONEOS_DEPLOYMENT_TARGET = 17.5;
				LOCALIZATION_PREFERS_STRING_CATALOGS = YES;
				MTL_ENABLE_DEBUG_INFO = INCLUDE_SOURCE;
				MTL_FAST_MATH = YES;
				ONLY_ACTIVE_ARCH = YES;
				SDKROOT = iphoneos;
				SWIFT_ACTIVE_COMPILATION_CONDITIONS = "DEBUG $(inherited)";
				SWIFT_OPTIMIZATION_LEVEL = "-Onone";
			};
			name = Debug;
		};
		096188D92C603F1700A0E5EA /* Release */ = {
			isa = XCBuildConfiguration;
			buildSettings = {
				ALWAYS_SEARCH_USER_PATHS = NO;
				ASSETCATALOG_COMPILER_GENERATE_SWIFT_ASSET_SYMBOL_EXTENSIONS = YES;
				CLANG_ANALYZER_NONNULL = YES;
				CLANG_ANALYZER_NUMBER_OBJECT_CONVERSION = YES_AGGRESSIVE;
				CLANG_CXX_LANGUAGE_STANDARD = "gnu++20";
				CLANG_ENABLE_MODULES = YES;
				CLANG_ENABLE_OBJC_ARC = YES;
				CLANG_ENABLE_OBJC_WEAK = YES;
				CLANG_WARN_BLOCK_CAPTURE_AUTORELEASING = YES;
				CLANG_WARN_BOOL_CONVERSION = YES;
				CLANG_WARN_COMMA = YES;
				CLANG_WARN_CONSTANT_CONVERSION = YES;
				CLANG_WARN_DEPRECATED_OBJC_IMPLEMENTATIONS = YES;
				CLANG_WARN_DIRECT_OBJC_ISA_USAGE = YES_ERROR;
				CLANG_WARN_DOCUMENTATION_COMMENTS = YES;
				CLANG_WARN_EMPTY_BODY = YES;
				CLANG_WARN_ENUM_CONVERSION = YES;
				CLANG_WARN_INFINITE_RECURSION = YES;
				CLANG_WARN_INT_CONVERSION = YES;
				CLANG_WARN_NON_LITERAL_NULL_CONVERSION = YES;
				CLANG_WARN_OBJC_IMPLICIT_RETAIN_SELF = YES;
				CLANG_WARN_OBJC_LITERAL_CONVERSION = YES;
				CLANG_WARN_OBJC_ROOT_CLASS = YES_ERROR;
				CLANG_WARN_QUOTED_INCLUDE_IN_FRAMEWORK_HEADER = YES;
				CLANG_WARN_RANGE_LOOP_ANALYSIS = YES;
				CLANG_WARN_STRICT_PROTOTYPES = YES;
				CLANG_WARN_SUSPICIOUS_MOVE = YES;
				CLANG_WARN_UNGUARDED_AVAILABILITY = YES_AGGRESSIVE;
				CLANG_WARN_UNREACHABLE_CODE = YES;
				CLANG_WARN__DUPLICATE_METHOD_MATCH = YES;
				COPY_PHASE_STRIP = NO;
				DEBUG_INFORMATION_FORMAT = "dwarf-with-dsym";
				ENABLE_NS_ASSERTIONS = NO;
				ENABLE_STRICT_OBJC_MSGSEND = YES;
				ENABLE_USER_SCRIPT_SANDBOXING = YES;
				GCC_C_LANGUAGE_STANDARD = gnu17;
				GCC_NO_COMMON_BLOCKS = YES;
				GCC_WARN_64_TO_32_BIT_CONVERSION = YES;
				GCC_WARN_ABOUT_RETURN_TYPE = YES_ERROR;
				GCC_WARN_UNDECLARED_SELECTOR = YES;
				GCC_WARN_UNINITIALIZED_AUTOS = YES_AGGRESSIVE;
				GCC_WARN_UNUSED_FUNCTION = YES;
				GCC_WARN_UNUSED_VARIABLE = YES;
				IPHONEOS_DEPLOYMENT_TARGET = 17.5;
				LOCALIZATION_PREFERS_STRING_CATALOGS = YES;
				MTL_ENABLE_DEBUG_INFO = NO;
				MTL_FAST_MATH = YES;
				SDKROOT = iphoneos;
				SWIFT_COMPILATION_MODE = wholemodule;
				VALIDATE_PRODUCT = YES;
			};
			name = Release;
		};
		096188DB2C603F1700A0E5EA /* Debug */ = {
			isa = XCBuildConfiguration;
			buildSettings = {
				ALWAYS_EMBED_SWIFT_STANDARD_LIBRARIES = YES;
				ASSETCATALOG_COMPILER_APPICON_NAME = AppIcon;
				ASSETCATALOG_COMPILER_GLOBAL_ACCENT_COLOR_NAME = AccentColor;
				CODE_SIGN_STYLE = Automatic;
				CURRENT_PROJECT_VERSION = 1;
				DEVELOPMENT_ASSET_PATHS = "\"shack2024/Preview Content\"";
				DEVELOPMENT_TEAM = M3XA3ETRDV;
				ENABLE_PREVIEWS = YES;
				GENERATE_INFOPLIST_FILE = YES;
				INFOPLIST_KEY_UIApplicationSceneManifest_Generation = YES;
				INFOPLIST_KEY_UIApplicationSupportsIndirectInputEvents = YES;
				INFOPLIST_KEY_UILaunchScreen_Generation = YES;
				INFOPLIST_KEY_UISupportedInterfaceOrientations_iPad = "UIInterfaceOrientationPortrait UIInterfaceOrientationPortraitUpsideDown UIInterfaceOrientationLandscapeLeft UIInterfaceOrientationLandscapeRight";
				INFOPLIST_KEY_UISupportedInterfaceOrientations_iPhone = "UIInterfaceOrientationPortrait UIInterfaceOrientationLandscapeLeft UIInterfaceOrientationLandscapeRight";
				LD_RUNPATH_SEARCH_PATHS = (
					"$(inherited)",
					"@executable_path/Frameworks",
				);
				MARKETING_VERSION = 1.0;
				PRODUCT_BUNDLE_IDENTIFIER = es.mgarciate.shack2024;
				PRODUCT_NAME = "$(TARGET_NAME)";
				SWIFT_EMIT_LOC_STRINGS = YES;
				SWIFT_VERSION = 5.0;
				TARGETED_DEVICE_FAMILY = "1,2";
			};
			name = Debug;
		};
		096188DC2C603F1700A0E5EA /* Release */ = {
			isa = XCBuildConfiguration;
			buildSettings = {
				ALWAYS_EMBED_SWIFT_STANDARD_LIBRARIES = YES;
				ASSETCATALOG_COMPILER_APPICON_NAME = AppIcon;
				ASSETCATALOG_COMPILER_GLOBAL_ACCENT_COLOR_NAME = AccentColor;
				CODE_SIGN_STYLE = Automatic;
				CURRENT_PROJECT_VERSION = 1;
				DEVELOPMENT_ASSET_PATHS = "\"shack2024/Preview Content\"";
				DEVELOPMENT_TEAM = M3XA3ETRDV;
				ENABLE_PREVIEWS = YES;
				GENERATE_INFOPLIST_FILE = YES;
				INFOPLIST_KEY_UIApplicationSceneManifest_Generation = YES;
				INFOPLIST_KEY_UIApplicationSupportsIndirectInputEvents = YES;
				INFOPLIST_KEY_UILaunchScreen_Generation = YES;
				INFOPLIST_KEY_UISupportedInterfaceOrientations_iPad = "UIInterfaceOrientationPortrait UIInterfaceOrientationPortraitUpsideDown UIInterfaceOrientationLandscapeLeft UIInterfaceOrientationLandscapeRight";
				INFOPLIST_KEY_UISupportedInterfaceOrientations_iPhone = "UIInterfaceOrientationPortrait UIInterfaceOrientationLandscapeLeft UIInterfaceOrientationLandscapeRight";
				LD_RUNPATH_SEARCH_PATHS = (
					"$(inherited)",
					"@executable_path/Frameworks",
				);
				MARKETING_VERSION = 1.0;
				PRODUCT_BUNDLE_IDENTIFIER = es.mgarciate.shack2024;
				PRODUCT_NAME = "$(TARGET_NAME)";
				SWIFT_EMIT_LOC_STRINGS = YES;
				SWIFT_VERSION = 5.0;
				TARGETED_DEVICE_FAMILY = "1,2";
			};
			name = Release;
		};
		096188F02C6041A200A0E5EA /* Debug */ = {
			isa = XCBuildConfiguration;
			buildSettings = {
				ASSETCATALOG_COMPILER_APPICON_NAME = AppIcon;
				ASSETCATALOG_COMPILER_GLOBAL_ACCENT_COLOR_NAME = AccentColor;
				CODE_SIGN_STYLE = Automatic;
				CURRENT_PROJECT_VERSION = 1;
				DEVELOPMENT_ASSET_PATHS = "\"shack2024watch Watch App/Preview Content\"";
				DEVELOPMENT_TEAM = M3XA3ETRDV;
				ENABLE_PREVIEWS = YES;
				GENERATE_INFOPLIST_FILE = YES;
				INFOPLIST_KEY_CFBundleDisplayName = shack2024watch;
				INFOPLIST_KEY_UISupportedInterfaceOrientations = "UIInterfaceOrientationPortrait UIInterfaceOrientationPortraitUpsideDown";
				INFOPLIST_KEY_WKCompanionAppBundleIdentifier = es.mgarciate.shack2024;
				INFOPLIST_KEY_WKRunsIndependentlyOfCompanionApp = YES;
				LD_RUNPATH_SEARCH_PATHS = (
					"$(inherited)",
					"@executable_path/Frameworks",
				);
				MARKETING_VERSION = 1.0;
				PRODUCT_BUNDLE_IDENTIFIER = es.mgarciate.shack2024.watchkitapp;
				PRODUCT_NAME = "$(TARGET_NAME)";
				SDKROOT = watchos;
				SKIP_INSTALL = YES;
				SWIFT_EMIT_LOC_STRINGS = YES;
				SWIFT_VERSION = 5.0;
				TARGETED_DEVICE_FAMILY = 4;
				WATCHOS_DEPLOYMENT_TARGET = 10.5;
			};
			name = Debug;
		};
		096188F12C6041A200A0E5EA /* Release */ = {
			isa = XCBuildConfiguration;
			buildSettings = {
				ASSETCATALOG_COMPILER_APPICON_NAME = AppIcon;
				ASSETCATALOG_COMPILER_GLOBAL_ACCENT_COLOR_NAME = AccentColor;
				CODE_SIGN_STYLE = Automatic;
				CURRENT_PROJECT_VERSION = 1;
				DEVELOPMENT_ASSET_PATHS = "\"shack2024watch Watch App/Preview Content\"";
				DEVELOPMENT_TEAM = M3XA3ETRDV;
				ENABLE_PREVIEWS = YES;
				GENERATE_INFOPLIST_FILE = YES;
				INFOPLIST_KEY_CFBundleDisplayName = shack2024watch;
				INFOPLIST_KEY_UISupportedInterfaceOrientations = "UIInterfaceOrientationPortrait UIInterfaceOrientationPortraitUpsideDown";
				INFOPLIST_KEY_WKCompanionAppBundleIdentifier = es.mgarciate.shack2024;
				INFOPLIST_KEY_WKRunsIndependentlyOfCompanionApp = YES;
				LD_RUNPATH_SEARCH_PATHS = (
					"$(inherited)",
					"@executable_path/Frameworks",
				);
				MARKETING_VERSION = 1.0;
				PRODUCT_BUNDLE_IDENTIFIER = es.mgarciate.shack2024.watchkitapp;
				PRODUCT_NAME = "$(TARGET_NAME)";
				SDKROOT = watchos;
				SKIP_INSTALL = YES;
				SWIFT_EMIT_LOC_STRINGS = YES;
				SWIFT_VERSION = 5.0;
				TARGETED_DEVICE_FAMILY = 4;
				WATCHOS_DEPLOYMENT_TARGET = 10.5;
			};
			name = Release;
		};
/* End XCBuildConfiguration section */

/* Begin XCConfigurationList section */
		096188C72C603F1600A0E5EA /* Build configuration list for PBXProject "shack2024" */ = {
			isa = XCConfigurationList;
			buildConfigurations = (
				096188D82C603F1700A0E5EA /* Debug */,
				096188D92C603F1700A0E5EA /* Release */,
			);
			defaultConfigurationIsVisible = 0;
			defaultConfigurationName = Release;
		};
		096188DA2C603F1700A0E5EA /* Build configuration list for PBXNativeTarget "shack2024" */ = {
			isa = XCConfigurationList;
			buildConfigurations = (
				096188DB2C603F1700A0E5EA /* Debug */,
				096188DC2C603F1700A0E5EA /* Release */,
			);
			defaultConfigurationIsVisible = 0;
			defaultConfigurationName = Release;
		};
		096188EF2C6041A200A0E5EA /* Build configuration list for PBXNativeTarget "shack2024watch Watch App" */ = {
			isa = XCConfigurationList;
			buildConfigurations = (
				096188F02C6041A200A0E5EA /* Debug */,
				096188F12C6041A200A0E5EA /* Release */,
			);
			defaultConfigurationIsVisible = 0;
			defaultConfigurationName = Release;
		};
/* End XCConfigurationList section */
	};
	rootObject = 096188C42C603F1600A0E5EA /* Project object */;
}
